
Microsoft Visual Studio Solution File, Format Version 12.00
# Visual Studio Version 16
VisualStudioVersion = 16.0.31424.327
MinimumVisualStudioVersion = 10.0.40219.1
Project("{8BC9CEB8-8B4A-11D0-8D11-00A0C91BC942}") = "ServerClient", "Projects\ServerClient\ServerClient.vcxproj", "{3C7E7C9F-AC93-4CAE-8EE9-0755EEC0526F}"
EndProject
Project("{8BC9CEB8-8B4A-11D0-8D11-00A0C91BC942}") = "Client", "Projects\Client\Client.vcxproj", "{DA9A4818-CB7A-48E9-8C80-9CF431F2B256}"
EndProject
Project("{8BC9CEB8-8B4A-11D0-8D11-00A0C91BC942}") = "Ejercicio 1", "Projects\Ejercicio 1\Ejercicio 1.vcxproj", "{3B48FB55-6F49-41F6-B722-A9E194CD4CF7}"
EndProject
Global
	GlobalSection(SolutionConfigurationPlatforms) = preSolution
		Debug|x64 = Debug|x64
		Debug|x86 = Debug|x86
		Release|x64 = Release|x64
		Release|x86 = Release|x86
	EndGlobalSection
	GlobalSection(ProjectConfigurationPlatforms) = postSolution
		{3C7E7C9F-AC93-4CAE-8EE9-0755EEC0526F}.Debug|x64.ActiveCfg = Debug|x64
		{3C7E7C9F-AC93-4CAE-8EE9-0755EEC0526F}.Debug|x64.Build.0 = Debug|x64
		{3C7E7C9F-AC93-4CAE-8EE9-0755EEC0526F}.Debug|x86.ActiveCfg = Debug|Win32
		{3C7E7C9F-AC93-4CAE-8EE9-0755EEC0526F}.Debug|x86.Build.0 = Debug|Win32
		{3C7E7C9F-AC93-4CAE-8EE9-0755EEC0526F}.Release|x64.ActiveCfg = Release|x64
		{3C7E7C9F-AC93-4CAE-8EE9-0755EEC0526F}.Release|x64.Build.0 = Release|x64
		{3C7E7C9F-AC93-4CAE-8EE9-0755EEC0526F}.Release|x86.ActiveCfg = Release|Win32
		{3C7E7C9F-AC93-4CAE-8EE9-0755EEC0526F}.Release|x86.Build.0 = Release|Win32
		{DA9A4818-CB7A-48E9-8C80-9CF431F2B256}.Debug|x64.ActiveCfg = Debug|x64
		{DA9A4818-CB7A-48E9-8C80-9CF431F2B256}.Debug|x64.Build.0 = Debug|x64
		{DA9A4818-CB7A-48E9-8C80-9CF431F2B256}.Debug|x86.ActiveCfg = Debug|Win32
		{DA9A4818-CB7A-48E9-8C80-9CF431F2B256}.Debug|x86.Build.0 = Debug|Win32
		{DA9A4818-CB7A-48E9-8C80-9CF431F2B256}.Release|x64.ActiveCfg = Release|x64
		{DA9A4818-CB7A-48E9-8C80-9CF431F2B256}.Release|x64.Build.0 = Release|x64
		{DA9A4818-CB7A-48E9-8C80-9CF431F2B256}.Release|x86.ActiveCfg = Release|Win32
		{DA9A4818-CB7A-48E9-8C80-9CF431F2B256}.Release|x86.Build.0 = Release|Win32
		{3B48FB55-6F49-41F6-B722-A9E194CD4CF7}.Debug|x64.ActiveCfg = Debug|x64
		{3B48FB55-6F49-41F6-B722-A9E194CD4CF7}.Debug|x64.Build.0 = Debug|x64
		{3B48FB55-6F49-41F6-B722-A9E194CD4CF7}.Debug|x86.ActiveCfg = Debug|Win32
		{3B48FB55-6F49-41F6-B722-A9E194CD4CF7}.Debug|x86.Build.0 = Debug|Win32
		{3B48FB55-6F49-41F6-B722-A9E194CD4CF7}.Release|x64.ActiveCfg = Release|x64
		{3B48FB55-6F49-41F6-B722-A9E194CD4CF7}.Release|x64.Build.0 = Release|x64
		{3B48FB55-6F49-41F6-B722-A9E194CD4CF7}.Release|x86.ActiveCfg = Release|Win32
		{3B48FB55-6F49-41F6-B722-A9E194CD4CF7}.Release|x86.Build.0 = Release|Win32
	EndGlobalSection
	GlobalSection(SolutionProperties) = preSolution
		HideSolutionNode = FALSE
	EndGlobalSection
	GlobalSection(ExtensibilityGlobals) = postSolution
		SolutionGuid = {99A51F3F-741E-4091-B00A-14133F080378}
	EndGlobalSection
EndGlobal
